// !$*UTF8*$!
{
	archiveVersion = 1;
	classes = {
	};
	objectVersion = 77;
	objects = {

/* Begin PBXBuildFile section */
		D835E7BC2F06B812001A996A /* Sparkle in Frameworks */ = {isa = PBXBuildFile; platformFilters = (macos, ); productRef = D8EFFFC12F05CD75006A2183 /* Sparkle */; };
		D835E8532F06D377001A996A /* WidgetKit.framework in Frameworks */ = {isa = PBXBuildFile; fileRef = D835E8522F06D377001A996A /* WidgetKit.framework */; };
		D835E8552F06D377001A996A /* SwiftUI.framework in Frameworks */ = {isa = PBXBuildFile; fileRef = D835E8542F06D377001A996A /* SwiftUI.framework */; };
		D835E8662F06D378001A996A /* ClaudeMeterWidgetsExtension.appex in Embed Foundation Extensions */ = {isa = PBXBuildFile; fileRef = D835E8502F06D377001A996A /* ClaudeMeterWidgetsExtension.appex */; settings = {ATTRIBUTES = (RemoveHeadersOnCopy, ); }; };
/* End PBXBuildFile section */

/* Begin PBXContainerItemProxy section */
		D835E81B2F06B9B0001A996A /* PBXContainerItemProxy */ = {
			isa = PBXContainerItemProxy;
			containerPortal = D8EFFF6A2F05796A006A2183 /* Project object */;
			proxyType = 1;
			remoteGlobalIDString = D835E8092F06B9AE001A996A;
			remoteInfo = "ClaudeMeter-iOS";
		};
		D835E8252F06B9B0001A996A /* PBXContainerItemProxy */ = {
			isa = PBXContainerItemProxy;
			containerPortal = D8EFFF6A2F05796A006A2183 /* Project object */;
			proxyType = 1;
			remoteGlobalIDString = D835E8092F06B9AE001A996A;
			remoteInfo = "ClaudeMeter-iOS";
		};
		D835E8642F06D378001A996A /* PBXContainerItemProxy */ = {
			isa = PBXContainerItemProxy;
			containerPortal = D8EFFF6A2F05796A006A2183 /* Project object */;
			proxyType = 1;
			remoteGlobalIDString = D835E84F2F06D377001A996A;
			remoteInfo = ClaudeMeterWidgetsExtension;
		};
		D8EFFF842F05796C006A2183 /* PBXContainerItemProxy */ = {
			isa = PBXContainerItemProxy;
			containerPortal = D8EFFF6A2F05796A006A2183 /* Project object */;
			proxyType = 1;
			remoteGlobalIDString = D8EFFF712F05796A006A2183;
			remoteInfo = ClaudeMeter;
		};
		D8EFFF8E2F05796C006A2183 /* PBXContainerItemProxy */ = {
			isa = PBXContainerItemProxy;
			containerPortal = D8EFFF6A2F05796A006A2183 /* Project object */;
			proxyType = 1;
			remoteGlobalIDString = D8EFFF712F05796A006A2183;
			remoteInfo = ClaudeMeter;
		};
/* End PBXContainerItemProxy section */

/* Begin PBXCopyFilesBuildPhase section */
		D835E86B2F06D378001A996A /* Embed Foundation Extensions */ = {
			isa = PBXCopyFilesBuildPhase;
			buildActionMask = 2147483647;
			dstPath = "";
			dstSubfolderSpec = 13;
			files = (
				D835E8662F06D378001A996A /* ClaudeMeterWidgetsExtension.appex in Embed Foundation Extensions */,
			);
			name = "Embed Foundation Extensions";
			runOnlyForDeploymentPostprocessing = 0;
		};
/* End PBXCopyFilesBuildPhase section */

/* Begin PBXFileReference section */
		D835E80A2F06B9AE001A996A /* ClaudeMeter-iOS.app */ = {isa = PBXFileReference; explicitFileType = wrapper.application; includeInIndex = 0; path = "ClaudeMeter-iOS.app"; sourceTree = BUILT_PRODUCTS_DIR; };
		D835E81A2F06B9B0001A996A /* ClaudeMeter-iOSTests.xctest */ = {isa = PBXFileReference; explicitFileType = wrapper.cfbundle; includeInIndex = 0; path = "ClaudeMeter-iOSTests.xctest"; sourceTree = BUILT_PRODUCTS_DIR; };
		D835E8242F06B9B0001A996A /* ClaudeMeter-iOSUITests.xctest */ = {isa = PBXFileReference; explicitFileType = wrapper.cfbundle; includeInIndex = 0; path = "ClaudeMeter-iOSUITests.xctest"; sourceTree = BUILT_PRODUCTS_DIR; };
		D835E8502F06D377001A996A /* ClaudeMeterWidgetsExtension.appex */ = {isa = PBXFileReference; explicitFileType = "wrapper.app-extension"; includeInIndex = 0; path = ClaudeMeterWidgetsExtension.appex; sourceTree = BUILT_PRODUCTS_DIR; };
		D835E8522F06D377001A996A /* WidgetKit.framework */ = {isa = PBXFileReference; lastKnownFileType = wrapper.framework; name = WidgetKit.framework; path = System/Library/Frameworks/WidgetKit.framework; sourceTree = SDKROOT; };
		D835E8542F06D377001A996A /* SwiftUI.framework */ = {isa = PBXFileReference; lastKnownFileType = wrapper.framework; name = SwiftUI.framework; path = System/Library/Frameworks/SwiftUI.framework; sourceTree = SDKROOT; };
		D8EFFF722F05796A006A2183 /* ClaudeMeter.app */ = {isa = PBXFileReference; explicitFileType = wrapper.application; includeInIndex = 0; path = ClaudeMeter.app; sourceTree = BUILT_PRODUCTS_DIR; };
		D8EFFF832F05796C006A2183 /* ClaudeMeterTests.xctest */ = {isa = PBXFileReference; explicitFileType = wrapper.cfbundle; includeInIndex = 0; path = ClaudeMeterTests.xctest; sourceTree = BUILT_PRODUCTS_DIR; };
		D8EFFF8D2F05796C006A2183 /* ClaudeMeterUITests.xctest */ = {isa = PBXFileReference; explicitFileType = wrapper.cfbundle; includeInIndex = 0; path = ClaudeMeterUITests.xctest; sourceTree = BUILT_PRODUCTS_DIR; };
/* End PBXFileReference section */

/* Begin PBXFileSystemSynchronizedBuildFileExceptionSet section */
		D835E82C2F06B9B0001A996A /* Exceptions for "ClaudeMeter-iOS" folder in "ClaudeMeter-iOS" target */ = {
			isa = PBXFileSystemSynchronizedBuildFileExceptionSet;
			membershipExceptions = (
				Info.plist,
			);
			target = D835E8092F06B9AE001A996A /* ClaudeMeter-iOS */;
		};
		D835E8382F06C197001A996A /* Exceptions for "ClaudeMeter" folder in "ClaudeMeter-iOS" target */ = {
			isa = PBXFileSystemSynchronizedBuildFileExceptionSet;
			membershipExceptions = (
				iOS/Services/iOSCredentialService.swift,
				iOS/Services/LiveActivityManager.swift,
				iOS/Views/DashboardView.swift,
				"iOS/Views/SettingsView+iOS.swift",
				Models/ClaudeCredentials.swift,
				Models/TokenUsage.swift,
				Models/UsageData.swift,
				Services/ClaudeAPIService.swift,
				Services/TokenUsageService.swift,
				Services/UpdaterController.swift,
				Shared/Models/LiveActivityAttributes.swift,
				Shared/Services/CredentialProvider.swift,
				Shared/Services/KeychainHelper.swift,
				Shared/Services/WidgetDataManager.swift,
				Shared/Views/UsageCardView.swift,
				Utilities/Constants.swift,
				ViewModels/UsageViewModel.swift,
				Views/MenuBarView.swift,
				Views/SettingsView.swift,
				Views/UsageRowView.swift,
			);
			target = D835E8092F06B9AE001A996A /* ClaudeMeter-iOS */;
		};
		D835E86A2F06D378001A996A /* Exceptions for "ClaudeMeterWidgets" folder in "ClaudeMeterWidgetsExtension" target */ = {
			isa = PBXFileSystemSynchronizedBuildFileExceptionSet;
			membershipExceptions = (
				Info.plist,
			);
			target = D835E84F2F06D377001A996A /* ClaudeMeterWidgetsExtension */;
		};
		D8EFFF952F05796C006A2183 /* Exceptions for "ClaudeMeter" folder in "ClaudeMeter" target */ = {
			isa = PBXFileSystemSynchronizedBuildFileExceptionSet;
			membershipExceptions = (
				Info.plist,
			);
			target = D8EFFF712F05796A006A2183 /* ClaudeMeter */;
		};
/* End PBXFileSystemSynchronizedBuildFileExceptionSet section */

/* Begin PBXFileSystemSynchronizedRootGroup section */
		D835E80B2F06B9AE001A996A /* ClaudeMeter-iOS */ = {
			isa = PBXFileSystemSynchronizedRootGroup;
			exceptions = (
				D835E82C2F06B9B0001A996A /* Exceptions for "ClaudeMeter-iOS" folder in "ClaudeMeter-iOS" target */,
			);
			path = "ClaudeMeter-iOS";
			sourceTree = "<group>";
		};
		D835E81D2F06B9B0001A996A /* ClaudeMeter-iOSTests */ = {
			isa = PBXFileSystemSynchronizedRootGroup;
			path = "ClaudeMeter-iOSTests";
			sourceTree = "<group>";
		};
		D835E8272F06B9B0001A996A /* ClaudeMeter-iOSUITests */ = {
			isa = PBXFileSystemSynchronizedRootGroup;
			path = "ClaudeMeter-iOSUITests";
			sourceTree = "<group>";
		};
		D835E8562F06D377001A996A /* ClaudeMeterWidgets */ = {
			isa = PBXFileSystemSynchronizedRootGroup;
			exceptions = (
				D835E86A2F06D378001A996A /* Exceptions for "ClaudeMeterWidgets" folder in "ClaudeMeterWidgetsExtension" target */,
			);
			path = ClaudeMeterWidgets;
			sourceTree = "<group>";
		};
		D8EFFF742F05796A006A2183 /* ClaudeMeter */ = {
			isa = PBXFileSystemSynchronizedRootGroup;
			exceptions = (
				D8EFFF952F05796C006A2183 /* Exceptions for "ClaudeMeter" folder in "ClaudeMeter" target */,
				D835E8382F06C197001A996A /* Exceptions for "ClaudeMeter" folder in "ClaudeMeter-iOS" target */,
			);
			path = ClaudeMeter;
			sourceTree = "<group>";
		};
		D8EFFF862F05796C006A2183 /* ClaudeMeterTests */ = {
			isa = PBXFileSystemSynchronizedRootGroup;
			path = ClaudeMeterTests;
			sourceTree = "<group>";
		};
		D8EFFF902F05796C006A2183 /* ClaudeMeterUITests */ = {
			isa = PBXFileSystemSynchronizedRootGroup;
			path = ClaudeMeterUITests;
			sourceTree = "<group>";
		};
/* End PBXFileSystemSynchronizedRootGroup section */

/* Begin PBXFrameworksBuildPhase section */
		D835E8072F06B9AE001A996A /* Frameworks */ = {
			isa = PBXFrameworksBuildPhase;
			buildActionMask = 2147483647;
			files = (
			);
			runOnlyForDeploymentPostprocessing = 0;
		};
		D835E8172F06B9B0001A996A /* Frameworks */ = {
			isa = PBXFrameworksBuildPhase;
			buildActionMask = 2147483647;
			files = (
			);
			runOnlyForDeploymentPostprocessing = 0;
		};
		D835E8212F06B9B0001A996A /* Frameworks */ = {
			isa = PBXFrameworksBuildPhase;
			buildActionMask = 2147483647;
			files = (
			);
			runOnlyForDeploymentPostprocessing = 0;
		};
		D835E84D2F06D377001A996A /* Frameworks */ = {
			isa = PBXFrameworksBuildPhase;
			buildActionMask = 2147483647;
			files = (
				D835E8552F06D377001A996A /* SwiftUI.framework in Frameworks */,
				D835E8532F06D377001A996A /* WidgetKit.framework in Frameworks */,
			);
			runOnlyForDeploymentPostprocessing = 0;
		};
		D8EFFF6F2F05796A006A2183 /* Frameworks */ = {
			isa = PBXFrameworksBuildPhase;
			buildActionMask = 2147483647;
			files = (
				D835E7BC2F06B812001A996A /* Sparkle in Frameworks */,
			);
			runOnlyForDeploymentPostprocessing = 0;
		};
		D8EFFF802F05796C006A2183 /* Frameworks */ = {
			isa = PBXFrameworksBuildPhase;
			buildActionMask = 2147483647;
			files = (
			);
			runOnlyForDeploymentPostprocessing = 0;
		};
		D8EFFF8A2F05796C006A2183 /* Frameworks */ = {
			isa = PBXFrameworksBuildPhase;
			buildActionMask = 2147483647;
			files = (
			);
			runOnlyForDeploymentPostprocessing = 0;
		};
/* End PBXFrameworksBuildPhase section */

/* Begin PBXGroup section */
		D835E8512F06D377001A996A /* Frameworks */ = {
			isa = PBXGroup;
			children = (
				D835E8522F06D377001A996A /* WidgetKit.framework */,
				D835E8542F06D377001A996A /* SwiftUI.framework */,
			);
			name = Frameworks;
			sourceTree = "<group>";
		};
		D8EFFF692F05796A006A2183 = {
			isa = PBXGroup;
			children = (
				D8EFFF742F05796A006A2183 /* ClaudeMeter */,
				D8EFFF862F05796C006A2183 /* ClaudeMeterTests */,
				D8EFFF902F05796C006A2183 /* ClaudeMeterUITests */,
				D835E80B2F06B9AE001A996A /* ClaudeMeter-iOS */,
				D835E81D2F06B9B0001A996A /* ClaudeMeter-iOSTests */,
				D835E8272F06B9B0001A996A /* ClaudeMeter-iOSUITests */,
				D835E8562F06D377001A996A /* ClaudeMeterWidgets */,
				D835E8512F06D377001A996A /* Frameworks */,
				D8EFFF732F05796A006A2183 /* Products */,
			);
			sourceTree = "<group>";
		};
		D8EFFF732F05796A006A2183 /* Products */ = {
			isa = PBXGroup;
			children = (
				D8EFFF722F05796A006A2183 /* ClaudeMeter.app */,
				D8EFFF832F05796C006A2183 /* ClaudeMeterTests.xctest */,
				D8EFFF8D2F05796C006A2183 /* ClaudeMeterUITests.xctest */,
				D835E80A2F06B9AE001A996A /* ClaudeMeter-iOS.app */,
				D835E81A2F06B9B0001A996A /* ClaudeMeter-iOSTests.xctest */,
				D835E8242F06B9B0001A996A /* ClaudeMeter-iOSUITests.xctest */,
				D835E8502F06D377001A996A /* ClaudeMeterWidgetsExtension.appex */,
			);
			name = Products;
			sourceTree = "<group>";
		};
/* End PBXGroup section */

/* Begin PBXNativeTarget section */
		D835E8092F06B9AE001A996A /* ClaudeMeter-iOS */ = {
			isa = PBXNativeTarget;
			buildConfigurationList = D835E82D2F06B9B0001A996A /* Build configuration list for PBXNativeTarget "ClaudeMeter-iOS" */;
			buildPhases = (
				D835E8062F06B9AE001A996A /* Sources */,
				D835E8072F06B9AE001A996A /* Frameworks */,
				D835E8082F06B9AE001A996A /* Resources */,
				D835E86B2F06D378001A996A /* Embed Foundation Extensions */,
			);
			buildRules = (
			);
			dependencies = (
				D835E8652F06D378001A996A /* PBXTargetDependency */,
			);
			fileSystemSynchronizedGroups = (
				D835E80B2F06B9AE001A996A /* ClaudeMeter-iOS */,
			);
			name = "ClaudeMeter-iOS";
			packageProductDependencies = (
			);
			productName = "ClaudeMeter-iOS";
			productReference = D835E80A2F06B9AE001A996A /* ClaudeMeter-iOS.app */;
			productType = "com.apple.product-type.application";
		};
		D835E8192F06B9B0001A996A /* ClaudeMeter-iOSTests */ = {
			isa = PBXNativeTarget;
			buildConfigurationList = D835E8302F06B9B0001A996A /* Build configuration list for PBXNativeTarget "ClaudeMeter-iOSTests" */;
			buildPhases = (
				D835E8162F06B9B0001A996A /* Sources */,
				D835E8172F06B9B0001A996A /* Frameworks */,
				D835E8182F06B9B0001A996A /* Resources */,
			);
			buildRules = (
			);
			dependencies = (
				D835E81C2F06B9B0001A996A /* PBXTargetDependency */,
			);
			fileSystemSynchronizedGroups = (
				D835E81D2F06B9B0001A996A /* ClaudeMeter-iOSTests */,
			);
			name = "ClaudeMeter-iOSTests";
			packageProductDependencies = (
			);
			productName = "ClaudeMeter-iOSTests";
			productReference = D835E81A2F06B9B0001A996A /* ClaudeMeter-iOSTests.xctest */;
			productType = "com.apple.product-type.bundle.unit-test";
		};
		D835E8232F06B9B0001A996A /* ClaudeMeter-iOSUITests */ = {
			isa = PBXNativeTarget;
			buildConfigurationList = D835E8332F06B9B0001A996A /* Build configuration list for PBXNativeTarget "ClaudeMeter-iOSUITests" */;
			buildPhases = (
				D835E8202F06B9B0001A996A /* Sources */,
				D835E8212F06B9B0001A996A /* Frameworks */,
				D835E8222F06B9B0001A996A /* Resources */,
			);
			buildRules = (
			);
			dependencies = (
				D835E8262F06B9B0001A996A /* PBXTargetDependency */,
			);
			fileSystemSynchronizedGroups = (
				D835E8272F06B9B0001A996A /* ClaudeMeter-iOSUITests */,
			);
			name = "ClaudeMeter-iOSUITests";
			packageProductDependencies = (
			);
			productName = "ClaudeMeter-iOSUITests";
			productReference = D835E8242F06B9B0001A996A /* ClaudeMeter-iOSUITests.xctest */;
			productType = "com.apple.product-type.bundle.ui-testing";
		};
		D835E84F2F06D377001A996A /* ClaudeMeterWidgetsExtension */ = {
			isa = PBXNativeTarget;
			buildConfigurationList = D835E8672F06D378001A996A /* Build configuration list for PBXNativeTarget "ClaudeMeterWidgetsExtension" */;
			buildPhases = (
				D835E84C2F06D377001A996A /* Sources */,
				D835E84D2F06D377001A996A /* Frameworks */,
				D835E84E2F06D377001A996A /* Resources */,
			);
			buildRules = (
			);
			dependencies = (
			);
			fileSystemSynchronizedGroups = (
				D835E8562F06D377001A996A /* ClaudeMeterWidgets */,
			);
			name = ClaudeMeterWidgetsExtension;
			packageProductDependencies = (
			);
			productName = ClaudeMeterWidgetsExtension;
			productReference = D835E8502F06D377001A996A /* ClaudeMeterWidgetsExtension.appex */;
			productType = "com.apple.product-type.app-extension";
		};
		D8EFFF712F05796A006A2183 /* ClaudeMeter */ = {
			isa = PBXNativeTarget;
			buildConfigurationList = D8EFFF962F05796C006A2183 /* Build configuration list for PBXNativeTarget "ClaudeMeter" */;
			buildPhases = (
				D8EFFF6E2F05796A006A2183 /* Sources */,
				D8EFFF6F2F05796A006A2183 /* Frameworks */,
				D8EFFF702F05796A006A2183 /* Resources */,
			);
			buildRules = (
			);
			dependencies = (
			);
			fileSystemSynchronizedGroups = (
				D8EFFF742F05796A006A2183 /* ClaudeMeter */,
			);
			name = ClaudeMeter;
			packageProductDependencies = (
				D8EFFFC12F05CD75006A2183 /* Sparkle */,
			);
			productName = ClaudeMeter;
			productReference = D8EFFF722F05796A006A2183 /* ClaudeMeter.app */;
			productType = "com.apple.product-type.application";
		};
		D8EFFF822F05796C006A2183 /* ClaudeMeterTests */ = {
			isa = PBXNativeTarget;
			buildConfigurationList = D8EFFF9B2F05796C006A2183 /* Build configuration list for PBXNativeTarget "ClaudeMeterTests" */;
			buildPhases = (
				D8EFFF7F2F05796C006A2183 /* Sources */,
				D8EFFF802F05796C006A2183 /* Frameworks */,
				D8EFFF812F05796C006A2183 /* Resources */,
			);
			buildRules = (
			);
			dependencies = (
				D8EFFF852F05796C006A2183 /* PBXTargetDependency */,
			);
			fileSystemSynchronizedGroups = (
				D8EFFF862F05796C006A2183 /* ClaudeMeterTests */,
			);
			name = ClaudeMeterTests;
			packageProductDependencies = (
			);
			productName = ClaudeMeterTests;
			productReference = D8EFFF832F05796C006A2183 /* ClaudeMeterTests.xctest */;
			productType = "com.apple.product-type.bundle.unit-test";
		};
		D8EFFF8C2F05796C006A2183 /* ClaudeMeterUITests */ = {
			isa = PBXNativeTarget;
			buildConfigurationList = D8EFFF9E2F05796C006A2183 /* Build configuration list for PBXNativeTarget "ClaudeMeterUITests" */;
			buildPhases = (
				D8EFFF892F05796C006A2183 /* Sources */,
				D8EFFF8A2F05796C006A2183 /* Frameworks */,
				D8EFFF8B2F05796C006A2183 /* Resources */,
			);
			buildRules = (
			);
			dependencies = (
				D8EFFF8F2F05796C006A2183 /* PBXTargetDependency */,
			);
			fileSystemSynchronizedGroups = (
				D8EFFF902F05796C006A2183 /* ClaudeMeterUITests */,
			);
			name = ClaudeMeterUITests;
			packageProductDependencies = (
			);
			productName = ClaudeMeterUITests;
			productReference = D8EFFF8D2F05796C006A2183 /* ClaudeMeterUITests.xctest */;
			productType = "com.apple.product-type.bundle.ui-testing";
		};
/* End PBXNativeTarget section */

/* Begin PBXProject section */
		D8EFFF6A2F05796A006A2183 /* Project object */ = {
			isa = PBXProject;
			attributes = {
				BuildIndependentTargetsInParallel = 1;
				LastSwiftUpdateCheck = 2620;
				LastUpgradeCheck = 2620;
				TargetAttributes = {
					D835E8092F06B9AE001A996A = {
						CreatedOnToolsVersion = 26.2;
					};
					D835E8192F06B9B0001A996A = {
						CreatedOnToolsVersion = 26.2;
						TestTargetID = D835E8092F06B9AE001A996A;
					};
					D835E8232F06B9B0001A996A = {
						CreatedOnToolsVersion = 26.2;
						TestTargetID = D835E8092F06B9AE001A996A;
					};
					D835E84F2F06D377001A996A = {
						CreatedOnToolsVersion = 26.2;
					};
					D8EFFF712F05796A006A2183 = {
						CreatedOnToolsVersion = 26.2;
					};
					D8EFFF822F05796C006A2183 = {
						CreatedOnToolsVersion = 26.2;
						TestTargetID = D8EFFF712F05796A006A2183;
					};
					D8EFFF8C2F05796C006A2183 = {
						CreatedOnToolsVersion = 26.2;
						TestTargetID = D8EFFF712F05796A006A2183;
					};
				};
			};
			buildConfigurationList = D8EFFF6D2F05796A006A2183 /* Build configuration list for PBXProject "ClaudeMeter" */;
			developmentRegion = en;
			hasScannedForEncodings = 0;
			knownRegions = (
				en,
				Base,
			);
			mainGroup = D8EFFF692F05796A006A2183;
			minimizedProjectReferenceProxies = 1;
			packageReferences = (
				D8EFFFC02F05CD75006A2183 /* XCRemoteSwiftPackageReference "Sparkle" */,
			);
			preferredProjectObjectVersion = 77;
			productRefGroup = D8EFFF732F05796A006A2183 /* Products */;
			projectDirPath = "";
			projectRoot = "";
			targets = (
				D8EFFF712F05796A006A2183 /* ClaudeMeter */,
				D8EFFF822F05796C006A2183 /* ClaudeMeterTests */,
				D8EFFF8C2F05796C006A2183 /* ClaudeMeterUITests */,
				D835E8092F06B9AE001A996A /* ClaudeMeter-iOS */,
				D835E8192F06B9B0001A996A /* ClaudeMeter-iOSTests */,
				D835E8232F06B9B0001A996A /* ClaudeMeter-iOSUITests */,
				D835E84F2F06D377001A996A /* ClaudeMeterWidgetsExtension */,
			);
		};
/* End PBXProject section */

/* Begin PBXResourcesBuildPhase section */
		D835E8082F06B9AE001A996A /* Resources */ = {
			isa = PBXResourcesBuildPhase;
			buildActionMask = 2147483647;
			files = (
			);
			runOnlyForDeploymentPostprocessing = 0;
		};
		D835E8182F06B9B0001A996A /* Resources */ = {
			isa = PBXResourcesBuildPhase;
			buildActionMask = 2147483647;
			files = (
			);
			runOnlyForDeploymentPostprocessing = 0;
		};
		D835E8222F06B9B0001A996A /* Resources */ = {
			isa = PBXResourcesBuildPhase;
			buildActionMask = 2147483647;
			files = (
			);
			runOnlyForDeploymentPostprocessing = 0;
		};
		D835E84E2F06D377001A996A /* Resources */ = {
			isa = PBXResourcesBuildPhase;
			buildActionMask = 2147483647;
			files = (
			);
			runOnlyForDeploymentPostprocessing = 0;
		};
		D8EFFF702F05796A006A2183 /* Resources */ = {
			isa = PBXResourcesBuildPhase;
			buildActionMask = 2147483647;
			files = (
			);
			runOnlyForDeploymentPostprocessing = 0;
		};
		D8EFFF812F05796C006A2183 /* Resources */ = {
			isa = PBXResourcesBuildPhase;
			buildActionMask = 2147483647;
			files = (
			);
			runOnlyForDeploymentPostprocessing = 0;
		};
		D8EFFF8B2F05796C006A2183 /* Resources */ = {
			isa = PBXResourcesBuildPhase;
			buildActionMask = 2147483647;
			files = (
			);
			runOnlyForDeploymentPostprocessing = 0;
		};
/* End PBXResourcesBuildPhase section */

/* Begin PBXSourcesBuildPhase section */
		D835E8062F06B9AE001A996A /* Sources */ = {
			isa = PBXSourcesBuildPhase;
			buildActionMask = 2147483647;
			files = (
			);
			runOnlyForDeploymentPostprocessing = 0;
		};
		D835E8162F06B9B0001A996A /* Sources */ = {
			isa = PBXSourcesBuildPhase;
			buildActionMask = 2147483647;
			files = (
			);
			runOnlyForDeploymentPostprocessing = 0;
		};
		D835E8202F06B9B0001A996A /* Sources */ = {
			isa = PBXSourcesBuildPhase;
			buildActionMask = 2147483647;
			files = (
			);
			runOnlyForDeploymentPostprocessing = 0;
		};
		D835E84C2F06D377001A996A /* Sources */ = {
			isa = PBXSourcesBuildPhase;
			buildActionMask = 2147483647;
			files = (
			);
			runOnlyForDeploymentPostprocessing = 0;
		};
		D8EFFF6E2F05796A006A2183 /* Sources */ = {
			isa = PBXSourcesBuildPhase;
			buildActionMask = 2147483647;
			files = (
			);
			runOnlyForDeploymentPostprocessing = 0;
		};
		D8EFFF7F2F05796C006A2183 /* Sources */ = {
			isa = PBXSourcesBuildPhase;
			buildActionMask = 2147483647;
			files = (
			);
			runOnlyForDeploymentPostprocessing = 0;
		};
		D8EFFF892F05796C006A2183 /* Sources */ = {
			isa = PBXSourcesBuildPhase;
			buildActionMask = 2147483647;
			files = (
			);
			runOnlyForDeploymentPostprocessing = 0;
		};
/* End PBXSourcesBuildPhase section */

/* Begin PBXTargetDependency section */
		D835E81C2F06B9B0001A996A /* PBXTargetDependency */ = {
			isa = PBXTargetDependency;
			target = D835E8092F06B9AE001A996A /* ClaudeMeter-iOS */;
			targetProxy = D835E81B2F06B9B0001A996A /* PBXContainerItemProxy */;
		};
		D835E8262F06B9B0001A996A /* PBXTargetDependency */ = {
			isa = PBXTargetDependency;
			target = D835E8092F06B9AE001A996A /* ClaudeMeter-iOS */;
			targetProxy = D835E8252F06B9B0001A996A /* PBXContainerItemProxy */;
		};
		D835E8652F06D378001A996A /* PBXTargetDependency */ = {
			isa = PBXTargetDependency;
			target = D835E84F2F06D377001A996A /* ClaudeMeterWidgetsExtension */;
			targetProxy = D835E8642F06D378001A996A /* PBXContainerItemProxy */;
		};
		D8EFFF852F05796C006A2183 /* PBXTargetDependency */ = {
			isa = PBXTargetDependency;
			target = D8EFFF712F05796A006A2183 /* ClaudeMeter */;
			targetProxy = D8EFFF842F05796C006A2183 /* PBXContainerItemProxy */;
		};
		D8EFFF8F2F05796C006A2183 /* PBXTargetDependency */ = {
			isa = PBXTargetDependency;
			target = D8EFFF712F05796A006A2183 /* ClaudeMeter */;
			targetProxy = D8EFFF8E2F05796C006A2183 /* PBXContainerItemProxy */;
		};
/* End PBXTargetDependency section */

/* Begin XCBuildConfiguration section */
		D835E82E2F06B9B0001A996A /* Debug */ = {
			isa = XCBuildConfiguration;
			buildSettings = {
				ASSETCATALOG_COMPILER_APPICON_NAME = AppIcon;
				ASSETCATALOG_COMPILER_GLOBAL_ACCENT_COLOR_NAME = AccentColor;
				ASSETCATALOG_COMPILER_INCLUDE_ALL_APPICON_ASSETS = YES;
				CODE_SIGN_ENTITLEMENTS = "ClaudeMeter-iOS/ClaudeMeter_iOS.entitlements";
				CODE_SIGN_IDENTITY = "Apple Development";
				CODE_SIGN_STYLE = Automatic;
				CURRENT_PROJECT_VERSION = 9;
				DEVELOPMENT_TEAM = 96NH8UVPYB;
				ENABLE_PREVIEWS = YES;
				GENERATE_INFOPLIST_FILE = YES;
				INFOPLIST_FILE = "ClaudeMeter-iOS/Info.plist";
				INFOPLIST_KEY_CFBundleDisplayName = "Claude Meter";
				INFOPLIST_KEY_UIApplicationSceneManifest_Generation = YES;
				INFOPLIST_KEY_UIApplicationSupportsIndirectInputEvents = YES;
				INFOPLIST_KEY_UILaunchScreen_Generation = YES;
				INFOPLIST_KEY_UISupportedInterfaceOrientations_iPad = "UIInterfaceOrientationPortrait UIInterfaceOrientationPortraitUpsideDown UIInterfaceOrientationLandscapeLeft UIInterfaceOrientationLandscapeRight";
				INFOPLIST_KEY_UISupportedInterfaceOrientations_iPhone = "UIInterfaceOrientationPortrait UIInterfaceOrientationLandscapeLeft UIInterfaceOrientationLandscapeRight";
				IPHONEOS_DEPLOYMENT_TARGET = 17.0;
				LD_RUNPATH_SEARCH_PATHS = (
					"$(inherited)",
					"@executable_path/Frameworks",
				);
				MARKETING_VERSION = 0.5.0;
				PRODUCT_BUNDLE_IDENTIFIER = com.tartinerlabs.ClaudeMeter;
				PRODUCT_NAME = "$(TARGET_NAME)";
				PROVISIONING_PROFILE_SPECIFIER = "";
				SDKROOT = iphoneos;
				STRING_CATALOG_GENERATE_SYMBOLS = YES;
				SUPPORTED_PLATFORMS = "iphoneos iphonesimulator";
				SUPPORTS_MACCATALYST = NO;
				SUPPORTS_MAC_DESIGNED_FOR_IPHONE_IPAD = NO;
				SUPPORTS_XR_DESIGNED_FOR_IPHONE_IPAD = NO;
				SWIFT_APPROACHABLE_CONCURRENCY = YES;
				SWIFT_DEFAULT_ACTOR_ISOLATION = MainActor;
				SWIFT_EMIT_LOC_STRINGS = YES;
				SWIFT_UPCOMING_FEATURE_MEMBER_IMPORT_VISIBILITY = YES;
				SWIFT_VERSION = 5.0;
				TARGETED_DEVICE_FAMILY = "1,2";
			};
			name = Debug;
		};
		D835E82F2F06B9B0001A996A /* Release */ = {
			isa = XCBuildConfiguration;
			buildSettings = {
				ASSETCATALOG_COMPILER_APPICON_NAME = AppIcon;
				ASSETCATALOG_COMPILER_GLOBAL_ACCENT_COLOR_NAME = AccentColor;
				ASSETCATALOG_COMPILER_INCLUDE_ALL_APPICON_ASSETS = YES;
				CODE_SIGN_ENTITLEMENTS = "ClaudeMeter-iOS/ClaudeMeter_iOS.entitlements";
				CODE_SIGN_IDENTITY = "Apple Development";
				CODE_SIGN_STYLE = Automatic;
				CURRENT_PROJECT_VERSION = 9;
				DEVELOPMENT_TEAM = 96NH8UVPYB;
				ENABLE_PREVIEWS = YES;
				GENERATE_INFOPLIST_FILE = YES;
				INFOPLIST_FILE = "ClaudeMeter-iOS/Info.plist";
				INFOPLIST_KEY_CFBundleDisplayName = "Claude Meter";
				INFOPLIST_KEY_UIApplicationSceneManifest_Generation = YES;
				INFOPLIST_KEY_UIApplicationSupportsIndirectInputEvents = YES;
				INFOPLIST_KEY_UILaunchScreen_Generation = YES;
				INFOPLIST_KEY_UISupportedInterfaceOrientations_iPad = "UIInterfaceOrientationPortrait UIInterfaceOrientationPortraitUpsideDown UIInterfaceOrientationLandscapeLeft UIInterfaceOrientationLandscapeRight";
				INFOPLIST_KEY_UISupportedInterfaceOrientations_iPhone = "UIInterfaceOrientationPortrait UIInterfaceOrientationLandscapeLeft UIInterfaceOrientationLandscapeRight";
				IPHONEOS_DEPLOYMENT_TARGET = 17.0;
				LD_RUNPATH_SEARCH_PATHS = (
					"$(inherited)",
					"@executable_path/Frameworks",
				);
				MARKETING_VERSION = 0.5.0;
				PRODUCT_BUNDLE_IDENTIFIER = com.tartinerlabs.ClaudeMeter;
				PRODUCT_NAME = "$(TARGET_NAME)";
				PROVISIONING_PROFILE_SPECIFIER = "";
				SDKROOT = iphoneos;
				STRING_CATALOG_GENERATE_SYMBOLS = YES;
				SUPPORTED_PLATFORMS = "iphoneos iphonesimulator";
				SUPPORTS_MACCATALYST = NO;
				SUPPORTS_MAC_DESIGNED_FOR_IPHONE_IPAD = NO;
				SUPPORTS_XR_DESIGNED_FOR_IPHONE_IPAD = NO;
				SWIFT_APPROACHABLE_CONCURRENCY = YES;
				SWIFT_DEFAULT_ACTOR_ISOLATION = MainActor;
				SWIFT_EMIT_LOC_STRINGS = YES;
				SWIFT_UPCOMING_FEATURE_MEMBER_IMPORT_VISIBILITY = YES;
				SWIFT_VERSION = 5.0;
				TARGETED_DEVICE_FAMILY = "1,2";
				VALIDATE_PRODUCT = YES;
			};
			name = Release;
		};
		D835E8312F06B9B0001A996A /* Debug */ = {
			isa = XCBuildConfiguration;
			buildSettings = {
				BUNDLE_LOADER = "$(TEST_HOST)";
				CODE_SIGN_STYLE = Automatic;
				CURRENT_PROJECT_VERSION = 9;
				DEVELOPMENT_TEAM = 96NH8UVPYB;
				GENERATE_INFOPLIST_FILE = YES;
				IPHONEOS_DEPLOYMENT_TARGET = 17.0;
				MARKETING_VERSION = 0.5.0;
				PRODUCT_BUNDLE_IDENTIFIER = "com.tartinerlabs.ClaudeMeter-iOSTests";
				PRODUCT_NAME = "$(TARGET_NAME)";
				SDKROOT = iphoneos;
				STRING_CATALOG_GENERATE_SYMBOLS = NO;
				SWIFT_APPROACHABLE_CONCURRENCY = YES;
				SWIFT_EMIT_LOC_STRINGS = NO;
				SWIFT_UPCOMING_FEATURE_MEMBER_IMPORT_VISIBILITY = YES;
				SWIFT_VERSION = 5.0;
				TARGETED_DEVICE_FAMILY = "1,2";
				TEST_HOST = "$(BUILT_PRODUCTS_DIR)/ClaudeMeter-iOS.app/$(BUNDLE_EXECUTABLE_FOLDER_PATH)/ClaudeMeter-iOS";
			};
			name = Debug;
		};
		D835E8322F06B9B0001A996A /* Release */ = {
			isa = XCBuildConfiguration;
			buildSettings = {
				BUNDLE_LOADER = "$(TEST_HOST)";
				CODE_SIGN_STYLE = Automatic;
				CURRENT_PROJECT_VERSION = 9;
				DEVELOPMENT_TEAM = 96NH8UVPYB;
				GENERATE_INFOPLIST_FILE = YES;
				IPHONEOS_DEPLOYMENT_TARGET = 17.0;
				MARKETING_VERSION = 0.5.0;
				PRODUCT_BUNDLE_IDENTIFIER = "com.tartinerlabs.ClaudeMeter-iOSTests";
				PRODUCT_NAME = "$(TARGET_NAME)";
				SDKROOT = iphoneos;
				STRING_CATALOG_GENERATE_SYMBOLS = NO;
				SWIFT_APPROACHABLE_CONCURRENCY = YES;
				SWIFT_EMIT_LOC_STRINGS = NO;
				SWIFT_UPCOMING_FEATURE_MEMBER_IMPORT_VISIBILITY = YES;
				SWIFT_VERSION = 5.0;
				TARGETED_DEVICE_FAMILY = "1,2";
				TEST_HOST = "$(BUILT_PRODUCTS_DIR)/ClaudeMeter-iOS.app/$(BUNDLE_EXECUTABLE_FOLDER_PATH)/ClaudeMeter-iOS";
				VALIDATE_PRODUCT = YES;
			};
			name = Release;
		};
		D835E8342F06B9B0001A996A /* Debug */ = {
			isa = XCBuildConfiguration;
			buildSettings = {
				CODE_SIGN_STYLE = Automatic;
				CURRENT_PROJECT_VERSION = 9;
				DEVELOPMENT_TEAM = 96NH8UVPYB;
				GENERATE_INFOPLIST_FILE = YES;
				IPHONEOS_DEPLOYMENT_TARGET = 17.0;
				MARKETING_VERSION = 0.5.0;
				PRODUCT_BUNDLE_IDENTIFIER = "com.tartinerlabs.ClaudeMeter-iOSUITests";
				PRODUCT_NAME = "$(TARGET_NAME)";
				SDKROOT = iphoneos;
				STRING_CATALOG_GENERATE_SYMBOLS = NO;
				SWIFT_APPROACHABLE_CONCURRENCY = YES;
				SWIFT_EMIT_LOC_STRINGS = NO;
				SWIFT_UPCOMING_FEATURE_MEMBER_IMPORT_VISIBILITY = YES;
				SWIFT_VERSION = 5.0;
				TARGETED_DEVICE_FAMILY = "1,2";
				TEST_TARGET_NAME = "ClaudeMeter-iOS";
			};
			name = Debug;
		};
		D835E8352F06B9B0001A996A /* Release */ = {
			isa = XCBuildConfiguration;
			buildSettings = {
				CODE_SIGN_STYLE = Automatic;
				CURRENT_PROJECT_VERSION = 9;
				DEVELOPMENT_TEAM = 96NH8UVPYB;
				GENERATE_INFOPLIST_FILE = YES;
				IPHONEOS_DEPLOYMENT_TARGET = 17.0;
				MARKETING_VERSION = 0.5.0;
				PRODUCT_BUNDLE_IDENTIFIER = "com.tartinerlabs.ClaudeMeter-iOSUITests";
				PRODUCT_NAME = "$(TARGET_NAME)";
				SDKROOT = iphoneos;
				STRING_CATALOG_GENERATE_SYMBOLS = NO;
				SWIFT_APPROACHABLE_CONCURRENCY = YES;
				SWIFT_EMIT_LOC_STRINGS = NO;
				SWIFT_UPCOMING_FEATURE_MEMBER_IMPORT_VISIBILITY = YES;
				SWIFT_VERSION = 5.0;
				TARGETED_DEVICE_FAMILY = "1,2";
				TEST_TARGET_NAME = "ClaudeMeter-iOS";
				VALIDATE_PRODUCT = YES;
			};
			name = Release;
		};
		D835E8682F06D378001A996A /* Debug */ = {
			isa = XCBuildConfiguration;
			buildSettings = {
				ASSETCATALOG_COMPILER_GLOBAL_ACCENT_COLOR_NAME = AccentColor;
				ASSETCATALOG_COMPILER_WIDGET_BACKGROUND_COLOR_NAME = WidgetBackground;
				CODE_SIGN_IDENTITY = "Apple Development";
				CODE_SIGN_STYLE = Automatic;
				CURRENT_PROJECT_VERSION = 9;
				DEVELOPMENT_TEAM = 96NH8UVPYB;
				GENERATE_INFOPLIST_FILE = YES;
				INFOPLIST_FILE = ClaudeMeterWidgets/Info.plist;
				INFOPLIST_KEY_CFBundleDisplayName = ClaudeMeterWidgets;
				INFOPLIST_KEY_NSHumanReadableCopyright = "";
				IPHONEOS_DEPLOYMENT_TARGET = 17.0;
				LD_RUNPATH_SEARCH_PATHS = (
					"$(inherited)",
					"@executable_path/Frameworks",
					"@executable_path/../../Frameworks",
				);
				MARKETING_VERSION = 0.5.0;
				PRODUCT_BUNDLE_IDENTIFIER = com.tartinerlabs.ClaudeMeter.ClaudeMeterWidgets;
				PRODUCT_NAME = "$(TARGET_NAME)";
				SDKROOT = iphoneos;
				SKIP_INSTALL = YES;
				STRING_CATALOG_GENERATE_SYMBOLS = YES;
				SWIFT_APPROACHABLE_CONCURRENCY = YES;
				SWIFT_EMIT_LOC_STRINGS = YES;
				SWIFT_UPCOMING_FEATURE_MEMBER_IMPORT_VISIBILITY = YES;
				SWIFT_VERSION = 5.0;
				TARGETED_DEVICE_FAMILY = "1,2";
			};
			name = Debug;
		};
		D835E8692F06D378001A996A /* Release */ = {
			isa = XCBuildConfiguration;
			buildSettings = {
				ASSETCATALOG_COMPILER_GLOBAL_ACCENT_COLOR_NAME = AccentColor;
				ASSETCATALOG_COMPILER_WIDGET_BACKGROUND_COLOR_NAME = WidgetBackground;
				CODE_SIGN_IDENTITY = "Apple Development";
				CODE_SIGN_STYLE = Automatic;
				CURRENT_PROJECT_VERSION = 9;
				DEVELOPMENT_TEAM = 96NH8UVPYB;
				GENERATE_INFOPLIST_FILE = YES;
				INFOPLIST_FILE = ClaudeMeterWidgets/Info.plist;
				INFOPLIST_KEY_CFBundleDisplayName = ClaudeMeterWidgets;
				INFOPLIST_KEY_NSHumanReadableCopyright = "";
				IPHONEOS_DEPLOYMENT_TARGET = 17.0;
				LD_RUNPATH_SEARCH_PATHS = (
					"$(inherited)",
					"@executable_path/Frameworks",
					"@executable_path/../../Frameworks",
				);
				MARKETING_VERSION = 0.5.0;
				PRODUCT_BUNDLE_IDENTIFIER = com.tartinerlabs.ClaudeMeter.ClaudeMeterWidgets;
				PRODUCT_NAME = "$(TARGET_NAME)";
				SDKROOT = iphoneos;
				SKIP_INSTALL = YES;
				STRING_CATALOG_GENERATE_SYMBOLS = YES;
				SWIFT_APPROACHABLE_CONCURRENCY = YES;
				SWIFT_EMIT_LOC_STRINGS = YES;
				SWIFT_UPCOMING_FEATURE_MEMBER_IMPORT_VISIBILITY = YES;
				SWIFT_VERSION = 5.0;
				TARGETED_DEVICE_FAMILY = "1,2";
				VALIDATE_PRODUCT = YES;
			};
			name = Release;
		};
		D8EFFF972F05796C006A2183 /* Debug */ = {
			isa = XCBuildConfiguration;
			buildSettings = {
				ASSETCATALOG_COMPILER_APPICON_NAME = AppIcon;
				ASSETCATALOG_COMPILER_GLOBAL_ACCENT_COLOR_NAME = AccentColor;
				"CODE_SIGN_IDENTITY[sdk=macosx*]" = "-";
				CODE_SIGN_STYLE = Manual;
				CURRENT_PROJECT_VERSION = 9;
				DEVELOPMENT_TEAM = "";
				ENABLE_APP_SANDBOX = NO;
				ENABLE_HARDENED_RUNTIME = YES;
				ENABLE_PREVIEWS = YES;
				GENERATE_INFOPLIST_FILE = YES;
				INFOPLIST_FILE = ClaudeMeter/Info.plist;
				INFOPLIST_KEY_CFBundleDisplayName = "Claude Meter";
				"INFOPLIST_KEY_UIApplicationSceneManifest_Generation[sdk=iphoneos*]" = YES;
				"INFOPLIST_KEY_UIApplicationSceneManifest_Generation[sdk=iphonesimulator*]" = YES;
				"INFOPLIST_KEY_UIApplicationSupportsIndirectInputEvents[sdk=iphoneos*]" = YES;
				"INFOPLIST_KEY_UIApplicationSupportsIndirectInputEvents[sdk=iphonesimulator*]" = YES;
				"INFOPLIST_KEY_UILaunchScreen_Generation[sdk=iphoneos*]" = YES;
				"INFOPLIST_KEY_UILaunchScreen_Generation[sdk=iphonesimulator*]" = YES;
				"INFOPLIST_KEY_UIStatusBarStyle[sdk=iphoneos*]" = UIStatusBarStyleDefault;
				"INFOPLIST_KEY_UIStatusBarStyle[sdk=iphonesimulator*]" = UIStatusBarStyleDefault;
				INFOPLIST_KEY_UISupportedInterfaceOrientations_iPad = "UIInterfaceOrientationPortrait UIInterfaceOrientationPortraitUpsideDown UIInterfaceOrientationLandscapeLeft UIInterfaceOrientationLandscapeRight";
				INFOPLIST_KEY_UISupportedInterfaceOrientations_iPhone = "UIInterfaceOrientationPortrait UIInterfaceOrientationLandscapeLeft UIInterfaceOrientationLandscapeRight";
				IPHONEOS_DEPLOYMENT_TARGET = 17.0;
				LD_RUNPATH_SEARCH_PATHS = "@executable_path/Frameworks";
				"LD_RUNPATH_SEARCH_PATHS[sdk=macosx*]" = "@executable_path/../Frameworks";
				MACOSX_DEPLOYMENT_TARGET = 15.0;
				MARKETING_VERSION = 0.5.0;
				PRODUCT_BUNDLE_IDENTIFIER = com.tartinerlabs.ClaudeMeter;
				PRODUCT_NAME = "$(TARGET_NAME)";
				PROVISIONING_PROFILE_SPECIFIER = "";
				REGISTER_APP_GROUPS = YES;
				SDKROOT = auto;
				STRING_CATALOG_GENERATE_SYMBOLS = YES;
				SUPPORTED_PLATFORMS = macosx;
				SUPPORTS_MACCATALYST = NO;
				SWIFT_APPROACHABLE_CONCURRENCY = YES;
				SWIFT_DEFAULT_ACTOR_ISOLATION = MainActor;
				SWIFT_EMIT_LOC_STRINGS = YES;
				SWIFT_UPCOMING_FEATURE_MEMBER_IMPORT_VISIBILITY = YES;
				SWIFT_VERSION = 5.0;
			};
			name = Debug;
		};
		D8EFFF982F05796C006A2183 /* Release */ = {
			isa = XCBuildConfiguration;
			buildSettings = {
				ASSETCATALOG_COMPILER_APPICON_NAME = AppIcon;
				ASSETCATALOG_COMPILER_GLOBAL_ACCENT_COLOR_NAME = AccentColor;
				"CODE_SIGN_IDENTITY[sdk=macosx*]" = "-";
				CODE_SIGN_STYLE = Manual;
				CURRENT_PROJECT_VERSION = 9;
				DEVELOPMENT_TEAM = "";
				ENABLE_APP_SANDBOX = NO;
				ENABLE_HARDENED_RUNTIME = YES;
				ENABLE_PREVIEWS = YES;
				GENERATE_INFOPLIST_FILE = YES;
				INFOPLIST_FILE = ClaudeMeter/Info.plist;
				INFOPLIST_KEY_CFBundleDisplayName = "Claude Meter";
				"INFOPLIST_KEY_UIApplicationSceneManifest_Generation[sdk=iphoneos*]" = YES;
				"INFOPLIST_KEY_UIApplicationSceneManifest_Generation[sdk=iphonesimulator*]" = YES;
				"INFOPLIST_KEY_UIApplicationSupportsIndirectInputEvents[sdk=iphoneos*]" = YES;
				"INFOPLIST_KEY_UIApplicationSupportsIndirectInputEvents[sdk=iphonesimulator*]" = YES;
				"INFOPLIST_KEY_UILaunchScreen_Generation[sdk=iphoneos*]" = YES;
				"INFOPLIST_KEY_UILaunchScreen_Generation[sdk=iphonesimulator*]" = YES;
				"INFOPLIST_KEY_UIStatusBarStyle[sdk=iphoneos*]" = UIStatusBarStyleDefault;
				"INFOPLIST_KEY_UIStatusBarStyle[sdk=iphonesimulator*]" = UIStatusBarStyleDefault;
				INFOPLIST_KEY_UISupportedInterfaceOrientations_iPad = "UIInterfaceOrientationPortrait UIInterfaceOrientationPortraitUpsideDown UIInterfaceOrientationLandscapeLeft UIInterfaceOrientationLandscapeRight";
				INFOPLIST_KEY_UISupportedInterfaceOrientations_iPhone = "UIInterfaceOrientationPortrait UIInterfaceOrientationLandscapeLeft UIInterfaceOrientationLandscapeRight";
				IPHONEOS_DEPLOYMENT_TARGET = 17.0;
				LD_RUNPATH_SEARCH_PATHS = "@executable_path/Frameworks";
				"LD_RUNPATH_SEARCH_PATHS[sdk=macosx*]" = "@executable_path/../Frameworks";
				MACOSX_DEPLOYMENT_TARGET = 15.0;
				MARKETING_VERSION = 0.5.0;
				PRODUCT_BUNDLE_IDENTIFIER = com.tartinerlabs.ClaudeMeter;
				PRODUCT_NAME = "$(TARGET_NAME)";
				PROVISIONING_PROFILE_SPECIFIER = "";
				REGISTER_APP_GROUPS = YES;
				SDKROOT = auto;
				STRING_CATALOG_GENERATE_SYMBOLS = YES;
				SUPPORTED_PLATFORMS = macosx;
				SUPPORTS_MACCATALYST = NO;
				SWIFT_APPROACHABLE_CONCURRENCY = YES;
				SWIFT_DEFAULT_ACTOR_ISOLATION = MainActor;
				SWIFT_EMIT_LOC_STRINGS = YES;
				SWIFT_UPCOMING_FEATURE_MEMBER_IMPORT_VISIBILITY = YES;
				SWIFT_VERSION = 5.0;
			};
			name = Release;
		};
		D8EFFF992F05796C006A2183 /* Debug */ = {
			isa = XCBuildConfiguration;
			buildSettings = {
				ALWAYS_SEARCH_USER_PATHS = NO;
				ASSETCATALOG_COMPILER_GENERATE_SWIFT_ASSET_SYMBOL_EXTENSIONS = YES;
				CLANG_ANALYZER_NONNULL = YES;
				CLANG_ANALYZER_NUMBER_OBJECT_CONVERSION = YES_AGGRESSIVE;
				CLANG_CXX_LANGUAGE_STANDARD = "gnu++20";
				CLANG_ENABLE_MODULES = YES;
				CLANG_ENABLE_OBJC_ARC = YES;
				CLANG_ENABLE_OBJC_WEAK = YES;
				CLANG_WARN_BLOCK_CAPTURE_AUTORELEASING = YES;
				CLANG_WARN_BOOL_CONVERSION = YES;
				CLANG_WARN_COMMA = YES;
				CLANG_WARN_CONSTANT_CONVERSION = YES;
				CLANG_WARN_DEPRECATED_OBJC_IMPLEMENTATIONS = YES;
				CLANG_WARN_DIRECT_OBJC_ISA_USAGE = YES_ERROR;
				CLANG_WARN_DOCUMENTATION_COMMENTS = YES;
				CLANG_WARN_EMPTY_BODY = YES;
				CLANG_WARN_ENUM_CONVERSION = YES;
				CLANG_WARN_INFINITE_RECURSION = YES;
				CLANG_WARN_INT_CONVERSION = YES;
				CLANG_WARN_NON_LITERAL_NULL_CONVERSION = YES;
				CLANG_WARN_OBJC_IMPLICIT_RETAIN_SELF = YES;
				CLANG_WARN_OBJC_LITERAL_CONVERSION = YES;
				CLANG_WARN_OBJC_ROOT_CLASS = YES_ERROR;
				CLANG_WARN_QUOTED_INCLUDE_IN_FRAMEWORK_HEADER = YES;
				CLANG_WARN_RANGE_LOOP_ANALYSIS = YES;
				CLANG_WARN_STRICT_PROTOTYPES = YES;
				CLANG_WARN_SUSPICIOUS_MOVE = YES;
				CLANG_WARN_UNGUARDED_AVAILABILITY = YES_AGGRESSIVE;
				CLANG_WARN_UNREACHABLE_CODE = YES;
				CLANG_WARN__DUPLICATE_METHOD_MATCH = YES;
				COPY_PHASE_STRIP = NO;
				DEBUG_INFORMATION_FORMAT = dwarf;
				DEVELOPMENT_TEAM = 96NH8UVPYB;
				ENABLE_STRICT_OBJC_MSGSEND = YES;
				ENABLE_TESTABILITY = YES;
				ENABLE_USER_SCRIPT_SANDBOXING = YES;
				GCC_C_LANGUAGE_STANDARD = gnu17;
				GCC_DYNAMIC_NO_PIC = NO;
				GCC_NO_COMMON_BLOCKS = YES;
				GCC_OPTIMIZATION_LEVEL = 0;
				GCC_PREPROCESSOR_DEFINITIONS = (
					"DEBUG=1",
					"$(inherited)",
				);
				GCC_WARN_64_TO_32_BIT_CONVERSION = YES;
				GCC_WARN_ABOUT_RETURN_TYPE = YES_ERROR;
				GCC_WARN_UNDECLARED_SELECTOR = YES;
				GCC_WARN_UNINITIALIZED_AUTOS = YES_AGGRESSIVE;
				GCC_WARN_UNUSED_FUNCTION = YES;
				GCC_WARN_UNUSED_VARIABLE = YES;
				LOCALIZATION_PREFERS_STRING_CATALOGS = YES;
				MTL_ENABLE_DEBUG_INFO = INCLUDE_SOURCE;
				MTL_FAST_MATH = YES;
				ONLY_ACTIVE_ARCH = YES;
				SWIFT_ACTIVE_COMPILATION_CONDITIONS = "DEBUG $(inherited)";
				SWIFT_OPTIMIZATION_LEVEL = "-Onone";
			};
			name = Debug;
		};
		D8EFFF9A2F05796C006A2183 /* Release */ = {
			isa = XCBuildConfiguration;
			buildSettings = {
				ALWAYS_SEARCH_USER_PATHS = NO;
				ASSETCATALOG_COMPILER_GENERATE_SWIFT_ASSET_SYMBOL_EXTENSIONS = YES;
				CLANG_ANALYZER_NONNULL = YES;
				CLANG_ANALYZER_NUMBER_OBJECT_CONVERSION = YES_AGGRESSIVE;
				CLANG_CXX_LANGUAGE_STANDARD = "gnu++20";
				CLANG_ENABLE_MODULES = YES;
				CLANG_ENABLE_OBJC_ARC = YES;
				CLANG_ENABLE_OBJC_WEAK = YES;
				CLANG_WARN_BLOCK_CAPTURE_AUTORELEASING = YES;
				CLANG_WARN_BOOL_CONVERSION = YES;
				CLANG_WARN_COMMA = YES;
				CLANG_WARN_CONSTANT_CONVERSION = YES;
				CLANG_WARN_DEPRECATED_OBJC_IMPLEMENTATIONS = YES;
				CLANG_WARN_DIRECT_OBJC_ISA_USAGE = YES_ERROR;
				CLANG_WARN_DOCUMENTATION_COMMENTS = YES;
				CLANG_WARN_EMPTY_BODY = YES;
				CLANG_WARN_ENUM_CONVERSION = YES;
				CLANG_WARN_INFINITE_RECURSION = YES;
				CLANG_WARN_INT_CONVERSION = YES;
				CLANG_WARN_NON_LITERAL_NULL_CONVERSION = YES;
				CLANG_WARN_OBJC_IMPLICIT_RETAIN_SELF = YES;
				CLANG_WARN_OBJC_LITERAL_CONVERSION = YES;
				CLANG_WARN_OBJC_ROOT_CLASS = YES_ERROR;
				CLANG_WARN_QUOTED_INCLUDE_IN_FRAMEWORK_HEADER = YES;
				CLANG_WARN_RANGE_LOOP_ANALYSIS = YES;
				CLANG_WARN_STRICT_PROTOTYPES = YES;
				CLANG_WARN_SUSPICIOUS_MOVE = YES;
				CLANG_WARN_UNGUARDED_AVAILABILITY = YES_AGGRESSIVE;
				CLANG_WARN_UNREACHABLE_CODE = YES;
				CLANG_WARN__DUPLICATE_METHOD_MATCH = YES;
				COPY_PHASE_STRIP = NO;
				DEBUG_INFORMATION_FORMAT = "dwarf-with-dsym";
				DEVELOPMENT_TEAM = 96NH8UVPYB;
				ENABLE_NS_ASSERTIONS = NO;
				ENABLE_STRICT_OBJC_MSGSEND = YES;
				ENABLE_USER_SCRIPT_SANDBOXING = YES;
				GCC_C_LANGUAGE_STANDARD = gnu17;
				GCC_NO_COMMON_BLOCKS = YES;
				GCC_WARN_64_TO_32_BIT_CONVERSION = YES;
				GCC_WARN_ABOUT_RETURN_TYPE = YES_ERROR;
				GCC_WARN_UNDECLARED_SELECTOR = YES;
				GCC_WARN_UNINITIALIZED_AUTOS = YES_AGGRESSIVE;
				GCC_WARN_UNUSED_FUNCTION = YES;
				GCC_WARN_UNUSED_VARIABLE = YES;
				LOCALIZATION_PREFERS_STRING_CATALOGS = YES;
				MTL_ENABLE_DEBUG_INFO = NO;
				MTL_FAST_MATH = YES;
				SWIFT_COMPILATION_MODE = wholemodule;
			};
			name = Release;
		};
		D8EFFF9C2F05796C006A2183 /* Debug */ = {
			isa = XCBuildConfiguration;
			buildSettings = {
				BUNDLE_LOADER = "$(TEST_HOST)";
				CODE_SIGN_STYLE = Automatic;
				CURRENT_PROJECT_VERSION = 9;
				DEVELOPMENT_TEAM = 96NH8UVPYB;
				GENERATE_INFOPLIST_FILE = YES;
				IPHONEOS_DEPLOYMENT_TARGET = 17.0;
				MACOSX_DEPLOYMENT_TARGET = 15.0;
				MARKETING_VERSION = 0.5.0;
				PRODUCT_BUNDLE_IDENTIFIER = com.tartinerlabs.ClaudeMeterTests;
				PRODUCT_NAME = "$(TARGET_NAME)";
				SDKROOT = auto;
				STRING_CATALOG_GENERATE_SYMBOLS = NO;
				SUPPORTED_PLATFORMS = "iphoneos iphonesimulator macosx";
				SWIFT_APPROACHABLE_CONCURRENCY = YES;
				SWIFT_EMIT_LOC_STRINGS = NO;
				SWIFT_UPCOMING_FEATURE_MEMBER_IMPORT_VISIBILITY = YES;
				SWIFT_VERSION = 5.0;
				TARGETED_DEVICE_FAMILY = "1,2,7";
				TEST_HOST = "$(BUILT_PRODUCTS_DIR)/ClaudeMeter.app/$(BUNDLE_EXECUTABLE_FOLDER_PATH)/ClaudeMeter";
			};
			name = Debug;
		};
		D8EFFF9D2F05796C006A2183 /* Release */ = {
			isa = XCBuildConfiguration;
			buildSettings = {
				BUNDLE_LOADER = "$(TEST_HOST)";
				CODE_SIGN_STYLE = Automatic;
				CURRENT_PROJECT_VERSION = 9;
				DEVELOPMENT_TEAM = 96NH8UVPYB;
				GENERATE_INFOPLIST_FILE = YES;
				IPHONEOS_DEPLOYMENT_TARGET = 17.0;
				MACOSX_DEPLOYMENT_TARGET = 15.0;
				MARKETING_VERSION = 0.5.0;
				PRODUCT_BUNDLE_IDENTIFIER = com.tartinerlabs.ClaudeMeterTests;
				PRODUCT_NAME = "$(TARGET_NAME)";
				SDKROOT = auto;
				STRING_CATALOG_GENERATE_SYMBOLS = NO;
				SUPPORTED_PLATFORMS = "iphoneos iphonesimulator macosx";
				SWIFT_APPROACHABLE_CONCURRENCY = YES;
				SWIFT_EMIT_LOC_STRINGS = NO;
				SWIFT_UPCOMING_FEATURE_MEMBER_IMPORT_VISIBILITY = YES;
				SWIFT_VERSION = 5.0;
				TARGETED_DEVICE_FAMILY = "1,2,7";
				TEST_HOST = "$(BUILT_PRODUCTS_DIR)/ClaudeMeter.app/$(BUNDLE_EXECUTABLE_FOLDER_PATH)/ClaudeMeter";
			};
			name = Release;
		};
		D8EFFF9F2F05796C006A2183 /* Debug */ = {
			isa = XCBuildConfiguration;
			buildSettings = {
				CODE_SIGN_STYLE = Automatic;
				CURRENT_PROJECT_VERSION = 9;
				DEVELOPMENT_TEAM = 96NH8UVPYB;
				GENERATE_INFOPLIST_FILE = YES;
				IPHONEOS_DEPLOYMENT_TARGET = 17.0;
				MACOSX_DEPLOYMENT_TARGET = 15.0;
				MARKETING_VERSION = 0.5.0;
				PRODUCT_BUNDLE_IDENTIFIER = com.tartinerlabs.ClaudeMeterUITests;
				PRODUCT_NAME = "$(TARGET_NAME)";
				SDKROOT = auto;
				STRING_CATALOG_GENERATE_SYMBOLS = NO;
				SUPPORTED_PLATFORMS = "iphoneos iphonesimulator macosx";
				SWIFT_APPROACHABLE_CONCURRENCY = YES;
				SWIFT_EMIT_LOC_STRINGS = NO;
				SWIFT_UPCOMING_FEATURE_MEMBER_IMPORT_VISIBILITY = YES;
				SWIFT_VERSION = 5.0;
				TARGETED_DEVICE_FAMILY = "1,2,7";
				TEST_TARGET_NAME = ClaudeMeter;
			};
			name = Debug;
		};
		D8EFFFA02F05796C006A2183 /* Release */ = {
			isa = XCBuildConfiguration;
			buildSettings = {
				CODE_SIGN_STYLE = Automatic;
				CURRENT_PROJECT_VERSION = 9;
				DEVELOPMENT_TEAM = 96NH8UVPYB;
				GENERATE_INFOPLIST_FILE = YES;
				IPHONEOS_DEPLOYMENT_TARGET = 17.0;
				MACOSX_DEPLOYMENT_TARGET = 15.0;
				MARKETING_VERSION = 0.5.0;
				PRODUCT_BUNDLE_IDENTIFIER = com.tartinerlabs.ClaudeMeterUITests;
				PRODUCT_NAME = "$(TARGET_NAME)";
				SDKROOT = auto;
				STRING_CATALOG_GENERATE_SYMBOLS = NO;
				SUPPORTED_PLATFORMS = "iphoneos iphonesimulator macosx";
				SWIFT_APPROACHABLE_CONCURRENCY = YES;
				SWIFT_EMIT_LOC_STRINGS = NO;
				SWIFT_UPCOMING_FEATURE_MEMBER_IMPORT_VISIBILITY = YES;
				SWIFT_VERSION = 5.0;
				TARGETED_DEVICE_FAMILY = "1,2,7";
				TEST_TARGET_NAME = ClaudeMeter;
			};
			name = Release;
		};
/* End XCBuildConfiguration section */

/* Begin XCConfigurationList section */
		D835E82D2F06B9B0001A996A /* Build configuration list for PBXNativeTarget "ClaudeMeter-iOS" */ = {
			isa = XCConfigurationList;
			buildConfigurations = (
				D835E82E2F06B9B0001A996A /* Debug */,
				D835E82F2F06B9B0001A996A /* Release */,
			);
			defaultConfigurationIsVisible = 0;
			defaultConfigurationName = Release;
		};
		D835E8302F06B9B0001A996A /* Build configuration list for PBXNativeTarget "ClaudeMeter-iOSTests" */ = {
			isa = XCConfigurationList;
			buildConfigurations = (
				D835E8312F06B9B0001A996A /* Debug */,
				D835E8322F06B9B0001A996A /* Release */,
			);
			defaultConfigurationIsVisible = 0;
			defaultConfigurationName = Release;
		};
		D835E8332F06B9B0001A996A /* Build configuration list for PBXNativeTarget "ClaudeMeter-iOSUITests" */ = {
			isa = XCConfigurationList;
			buildConfigurations = (
				D835E8342F06B9B0001A996A /* Debug */,
				D835E8352F06B9B0001A996A /* Release */,
			);
			defaultConfigurationIsVisible = 0;
			defaultConfigurationName = Release;
		};
		D835E8672F06D378001A996A /* Build configuration list for PBXNativeTarget "ClaudeMeterWidgetsExtension" */ = {
			isa = XCConfigurationList;
			buildConfigurations = (
				D835E8682F06D378001A996A /* Debug */,
				D835E8692F06D378001A996A /* Release */,
			);
			defaultConfigurationIsVisible = 0;
			defaultConfigurationName = Release;
		};
		D8EFFF6D2F05796A006A2183 /* Build configuration list for PBXProject "ClaudeMeter" */ = {
			isa = XCConfigurationList;
			buildConfigurations = (
				D8EFFF992F05796C006A2183 /* Debug */,
				D8EFFF9A2F05796C006A2183 /* Release */,
			);
			defaultConfigurationIsVisible = 0;
			defaultConfigurationName = Release;
		};
		D8EFFF962F05796C006A2183 /* Build configuration list for PBXNativeTarget "ClaudeMeter" */ = {
			isa = XCConfigurationList;
			buildConfigurations = (
				D8EFFF972F05796C006A2183 /* Debug */,
				D8EFFF982F05796C006A2183 /* Release */,
			);
			defaultConfigurationIsVisible = 0;
			defaultConfigurationName = Release;
		};
		D8EFFF9B2F05796C006A2183 /* Build configuration list for PBXNativeTarget "ClaudeMeterTests" */ = {
			isa = XCConfigurationList;
			buildConfigurations = (
				D8EFFF9C2F05796C006A2183 /* Debug */,
				D8EFFF9D2F05796C006A2183 /* Release */,
			);
			defaultConfigurationIsVisible = 0;
			defaultConfigurationName = Release;
		};
		D8EFFF9E2F05796C006A2183 /* Build configuration list for PBXNativeTarget "ClaudeMeterUITests" */ = {
			isa = XCConfigurationList;
			buildConfigurations = (
				D8EFFF9F2F05796C006A2183 /* Debug */,
				D8EFFFA02F05796C006A2183 /* Release */,
			);
			defaultConfigurationIsVisible = 0;
			defaultConfigurationName = Release;
		};
/* End XCConfigurationList section */

/* Begin XCRemoteSwiftPackageReference section */
		D8EFFFC02F05CD75006A2183 /* XCRemoteSwiftPackageReference "Sparkle" */ = {
			isa = XCRemoteSwiftPackageReference;
			repositoryURL = "https://github.com/sparkle-project/Sparkle";
			requirement = {
				kind = upToNextMajorVersion;
				minimumVersion = 2.8.1;
			};
		};
/* End XCRemoteSwiftPackageReference section */

/* Begin XCSwiftPackageProductDependency section */
		D8EFFFC12F05CD75006A2183 /* Sparkle */ = {
			isa = XCSwiftPackageProductDependency;
			package = D8EFFFC02F05CD75006A2183 /* XCRemoteSwiftPackageReference "Sparkle" */;
			productName = Sparkle;
		};
/* End XCSwiftPackageProductDependency section */
	};
	rootObject = D8EFFF6A2F05796A006A2183 /* Project object */;
}
